
Microsoft Visual Studio Solution File, Format Version 12.00
# Visual Studio Version 16
VisualStudioVersion = 16.0.30413.136
MinimumVisualStudioVersion = 10.0.40219.1
Project("{FAE04EC0-301F-11D3-BF4B-00C04F79EFBC}") = "ProyectoAgronegocios", "ProyectoAgronegocios\ProyectoAgronegocios.csproj", "{B5096008-8D5B-43A7-994D-33BD2AE9E1CA}"
EndProject
Global
	GlobalSection(SolutionConfigurationPlatforms) = preSolution
		Debug|Any CPU = Debug|Any CPU
		Release|Any CPU = Release|Any CPU
	EndGlobalSection
	GlobalSection(ProjectConfigurationPlatforms) = postSolution
		{B5096008-8D5B-43A7-994D-33BD2AE9E1CA}.Debug|Any CPU.ActiveCfg = Debug|Any CPU
		{B5096008-8D5B-43A7-994D-33BD2AE9E1CA}.Debug|Any CPU.Build.0 = Debug|Any CPU
		{B5096008-8D5B-43A7-994D-33BD2AE9E1CA}.Release|Any CPU.ActiveCfg = Release|Any CPU
		{B5096008-8D5B-43A7-994D-33BD2AE9E1CA}.Release|Any CPU.Build.0 = Release|Any CPU
	EndGlobalSection
	GlobalSection(SolutionProperties) = preSolution
		HideSolutionNode = FALSE
	EndGlobalSection
	GlobalSection(ExtensibilityGlobals) = postSolution
		SolutionGuid = {4C7CC71A-8698-4B5F-B87B-87E361046434}
	EndGlobalSection
EndGlobal
